// !$*UTF8*$!
{
	archiveVersion = 1;
	classes = {
	};
	objectVersion = 50;
	objects = {

/* Begin PBXBuildFile section */
		2AD933A5340EAE3C422FF8DB /* Pods_NewYorkTimes.framework in Frameworks */ = {isa = PBXBuildFile; fileRef = CB69F214DD4ECCF88C86E7DF /* Pods_NewYorkTimes.framework */; };
		AA360A41216D452E008B6721 /* Story.swift in Sources */ = {isa = PBXBuildFile; fileRef = AA360A40216D452E008B6721 /* Story.swift */; };
		AA360A52216D5000008B6721 /* JSONParameterEncoder.swift in Sources */ = {isa = PBXBuildFile; fileRef = AA360A45216D5000008B6721 /* JSONParameterEncoder.swift */; };
		AA360A53216D5000008B6721 /* ParameterEncoding.swift in Sources */ = {isa = PBXBuildFile; fileRef = AA360A46216D5000008B6721 /* ParameterEncoding.swift */; };
		AA360A54216D5000008B6721 /* URLParameterEncoding.swift in Sources */ = {isa = PBXBuildFile; fileRef = AA360A47216D5000008B6721 /* URLParameterEncoding.swift */; };
		AA360A55216D5000008B6721 /* NewYorkTimesEndPoint.swift in Sources */ = {isa = PBXBuildFile; fileRef = AA360A49216D5000008B6721 /* NewYorkTimesEndPoint.swift */; };
		AA360A56216D5000008B6721 /* NetworkManager.swift in Sources */ = {isa = PBXBuildFile; fileRef = AA360A4B216D5000008B6721 /* NetworkManager.swift */; };
		AA360A57216D5000008B6721 /* EndPointType.swift in Sources */ = {isa = PBXBuildFile; fileRef = AA360A4D216D5000008B6721 /* EndPointType.swift */; };
		AA360A58216D5000008B6721 /* HTTPMethod.swift in Sources */ = {isa = PBXBuildFile; fileRef = AA360A4E216D5000008B6721 /* HTTPMethod.swift */; };
		AA360A59216D5000008B6721 /* HTTPTask.swift in Sources */ = {isa = PBXBuildFile; fileRef = AA360A4F216D5000008B6721 /* HTTPTask.swift */; };
		AA360A5A216D5000008B6721 /* NetworkLogger.swift in Sources */ = {isa = PBXBuildFile; fileRef = AA360A50216D5000008B6721 /* NetworkLogger.swift */; };
		AA360A5B216D5000008B6721 /* Router.swift in Sources */ = {isa = PBXBuildFile; fileRef = AA360A51216D5000008B6721 /* Router.swift */; };
		AA360A5D216D567D008B6721 /* Dynamic.swift in Sources */ = {isa = PBXBuildFile; fileRef = AA360A5C216D567D008B6721 /* Dynamic.swift */; };
		AA360A5F216D56C9008B6721 /* TopStoriesDataSource.swift in Sources */ = {isa = PBXBuildFile; fileRef = AA360A5E216D56C9008B6721 /* TopStoriesDataSource.swift */; };
		AA373740216AA71800F3EB1E /* AppDelegate.swift in Sources */ = {isa = PBXBuildFile; fileRef = AA37373F216AA71800F3EB1E /* AppDelegate.swift */; };
		AA373742216AA71800F3EB1E /* TopStoriesViewController.swift in Sources */ = {isa = PBXBuildFile; fileRef = AA373741216AA71800F3EB1E /* TopStoriesViewController.swift */; };
		AA373745216AA71800F3EB1E /* Main.storyboard in Resources */ = {isa = PBXBuildFile; fileRef = AA373743216AA71800F3EB1E /* Main.storyboard */; };
		AA373747216AA72100F3EB1E /* Assets.xcassets in Resources */ = {isa = PBXBuildFile; fileRef = AA373746216AA72100F3EB1E /* Assets.xcassets */; };
		AA37374A216AA72100F3EB1E /* LaunchScreen.storyboard in Resources */ = {isa = PBXBuildFile; fileRef = AA373748216AA72100F3EB1E /* LaunchScreen.storyboard */; };
		AA373755216AA72100F3EB1E /* NewYorkTimesTests.swift in Sources */ = {isa = PBXBuildFile; fileRef = AA373754216AA72100F3EB1E /* NewYorkTimesTests.swift */; };
		AA373764216AAFC700F3EB1E /* StoryCell.swift in Sources */ = {isa = PBXBuildFile; fileRef = AA373763216AAFC700F3EB1E /* StoryCell.swift */; };
		EEF7E1BECC0A9F18D2851679 /* Pods_NewYorkTimesTests.framework in Frameworks */ = {isa = PBXBuildFile; fileRef = EF86CFFFCE4384F5334B4F8B /* Pods_NewYorkTimesTests.framework */; };
/* End PBXBuildFile section */

/* Begin PBXContainerItemProxy section */
		AA373751216AA72100F3EB1E /* PBXContainerItemProxy */ = {
			isa = PBXContainerItemProxy;
			containerPortal = AA373734216AA71800F3EB1E /* Project object */;
			proxyType = 1;
			remoteGlobalIDString = AA37373B216AA71800F3EB1E;
			remoteInfo = NewYorkTimes;
		};
/* End PBXContainerItemProxy section */

/* Begin PBXFileReference section */
		115E2B218241B532B263BC2C /* Pods-NewYorkTimes.release.xcconfig */ = {isa = PBXFileReference; includeInIndex = 1; lastKnownFileType = text.xcconfig; name = "Pods-NewYorkTimes.release.xcconfig"; path = "Pods/Target Support Files/Pods-NewYorkTimes/Pods-NewYorkTimes.release.xcconfig"; sourceTree = "<group>"; };
		4AE4B1F4DB64F16637BEEEFC /* Pods-NewYorkTimesTests.debug.xcconfig */ = {isa = PBXFileReference; includeInIndex = 1; lastKnownFileType = text.xcconfig; name = "Pods-NewYorkTimesTests.debug.xcconfig"; path = "Pods/Target Support Files/Pods-NewYorkTimesTests/Pods-NewYorkTimesTests.debug.xcconfig"; sourceTree = "<group>"; };
		9501026727F8368F84479709 /* Pods-NewYorkTimesTests.release.xcconfig */ = {isa = PBXFileReference; includeInIndex = 1; lastKnownFileType = text.xcconfig; name = "Pods-NewYorkTimesTests.release.xcconfig"; path = "Pods/Target Support Files/Pods-NewYorkTimesTests/Pods-NewYorkTimesTests.release.xcconfig"; sourceTree = "<group>"; };
		AA360A40216D452E008B6721 /* Story.swift */ = {isa = PBXFileReference; lastKnownFileType = sourcecode.swift; path = Story.swift; sourceTree = "<group>"; };
		AA360A45216D5000008B6721 /* JSONParameterEncoder.swift */ = {isa = PBXFileReference; fileEncoding = 4; lastKnownFileType = sourcecode.swift; path = JSONParameterEncoder.swift; sourceTree = "<group>"; };
		AA360A46216D5000008B6721 /* ParameterEncoding.swift */ = {isa = PBXFileReference; fileEncoding = 4; lastKnownFileType = sourcecode.swift; path = ParameterEncoding.swift; sourceTree = "<group>"; };
		AA360A47216D5000008B6721 /* URLParameterEncoding.swift */ = {isa = PBXFileReference; fileEncoding = 4; lastKnownFileType = sourcecode.swift; path = URLParameterEncoding.swift; sourceTree = "<group>"; };
		AA360A49216D5000008B6721 /* NewYorkTimesEndPoint.swift */ = {isa = PBXFileReference; fileEncoding = 4; lastKnownFileType = sourcecode.swift; path = NewYorkTimesEndPoint.swift; sourceTree = "<group>"; };
		AA360A4B216D5000008B6721 /* NetworkManager.swift */ = {isa = PBXFileReference; fileEncoding = 4; lastKnownFileType = sourcecode.swift; path = NetworkManager.swift; sourceTree = "<group>"; };
		AA360A4D216D5000008B6721 /* EndPointType.swift */ = {isa = PBXFileReference; fileEncoding = 4; lastKnownFileType = sourcecode.swift; path = EndPointType.swift; sourceTree = "<group>"; };
		AA360A4E216D5000008B6721 /* HTTPMethod.swift */ = {isa = PBXFileReference; fileEncoding = 4; lastKnownFileType = sourcecode.swift; path = HTTPMethod.swift; sourceTree = "<group>"; };
		AA360A4F216D5000008B6721 /* HTTPTask.swift */ = {isa = PBXFileReference; fileEncoding = 4; lastKnownFileType = sourcecode.swift; path = HTTPTask.swift; sourceTree = "<group>"; };
		AA360A50216D5000008B6721 /* NetworkLogger.swift */ = {isa = PBXFileReference; fileEncoding = 4; lastKnownFileType = sourcecode.swift; path = NetworkLogger.swift; sourceTree = "<group>"; };
		AA360A51216D5000008B6721 /* Router.swift */ = {isa = PBXFileReference; fileEncoding = 4; lastKnownFileType = sourcecode.swift; path = Router.swift; sourceTree = "<group>"; };
		AA360A5C216D567D008B6721 /* Dynamic.swift */ = {isa = PBXFileReference; fileEncoding = 4; lastKnownFileType = sourcecode.swift; path = Dynamic.swift; sourceTree = "<group>"; };
		AA360A5E216D56C9008B6721 /* TopStoriesDataSource.swift */ = {isa = PBXFileReference; lastKnownFileType = sourcecode.swift; path = TopStoriesDataSource.swift; sourceTree = "<group>"; };
		AA37373C216AA71800F3EB1E /* NewYorkTimes.app */ = {isa = PBXFileReference; explicitFileType = wrapper.application; includeInIndex = 0; path = NewYorkTimes.app; sourceTree = BUILT_PRODUCTS_DIR; };
		AA37373F216AA71800F3EB1E /* AppDelegate.swift */ = {isa = PBXFileReference; lastKnownFileType = sourcecode.swift; path = AppDelegate.swift; sourceTree = "<group>"; };
		AA373741216AA71800F3EB1E /* TopStoriesViewController.swift */ = {isa = PBXFileReference; lastKnownFileType = sourcecode.swift; path = TopStoriesViewController.swift; sourceTree = "<group>"; };
		AA373744216AA71800F3EB1E /* Base */ = {isa = PBXFileReference; lastKnownFileType = file.storyboard; name = Base; path = Base.lproj/Main.storyboard; sourceTree = "<group>"; };
		AA373746216AA72100F3EB1E /* Assets.xcassets */ = {isa = PBXFileReference; lastKnownFileType = folder.assetcatalog; path = Assets.xcassets; sourceTree = "<group>"; };
		AA373749216AA72100F3EB1E /* Base */ = {isa = PBXFileReference; lastKnownFileType = file.storyboard; name = Base; path = Base.lproj/LaunchScreen.storyboard; sourceTree = "<group>"; };
		AA37374B216AA72100F3EB1E /* Info.plist */ = {isa = PBXFileReference; lastKnownFileType = text.plist.xml; path = Info.plist; sourceTree = "<group>"; };
		AA373750216AA72100F3EB1E /* NewYorkTimesTests.xctest */ = {isa = PBXFileReference; explicitFileType = wrapper.cfbundle; includeInIndex = 0; path = NewYorkTimesTests.xctest; sourceTree = BUILT_PRODUCTS_DIR; };
		AA373754216AA72100F3EB1E /* NewYorkTimesTests.swift */ = {isa = PBXFileReference; lastKnownFileType = sourcecode.swift; path = NewYorkTimesTests.swift; sourceTree = "<group>"; };
		AA373756216AA72200F3EB1E /* Info.plist */ = {isa = PBXFileReference; lastKnownFileType = text.plist.xml; path = Info.plist; sourceTree = "<group>"; };
		AA373763216AAFC700F3EB1E /* StoryCell.swift */ = {isa = PBXFileReference; lastKnownFileType = sourcecode.swift; path = StoryCell.swift; sourceTree = "<group>"; };
		BA7A82902C02237D9FE0C322 /* Pods-NewYorkTimes.debug.xcconfig */ = {isa = PBXFileReference; includeInIndex = 1; lastKnownFileType = text.xcconfig; name = "Pods-NewYorkTimes.debug.xcconfig"; path = "Pods/Target Support Files/Pods-NewYorkTimes/Pods-NewYorkTimes.debug.xcconfig"; sourceTree = "<group>"; };
		CB69F214DD4ECCF88C86E7DF /* Pods_NewYorkTimes.framework */ = {isa = PBXFileReference; explicitFileType = wrapper.framework; includeInIndex = 0; path = Pods_NewYorkTimes.framework; sourceTree = BUILT_PRODUCTS_DIR; };
		EF86CFFFCE4384F5334B4F8B /* Pods_NewYorkTimesTests.framework */ = {isa = PBXFileReference; explicitFileType = wrapper.framework; includeInIndex = 0; path = Pods_NewYorkTimesTests.framework; sourceTree = BUILT_PRODUCTS_DIR; };
/* End PBXFileReference section */

/* Begin PBXFrameworksBuildPhase section */
		AA373739216AA71800F3EB1E /* Frameworks */ = {
			isa = PBXFrameworksBuildPhase;
			buildActionMask = 2147483647;
			files = (
				2AD933A5340EAE3C422FF8DB /* Pods_NewYorkTimes.framework in Frameworks */,
			);
			runOnlyForDeploymentPostprocessing = 0;
		};
		AA37374D216AA72100F3EB1E /* Frameworks */ = {
			isa = PBXFrameworksBuildPhase;
			buildActionMask = 2147483647;
			files = (
				EEF7E1BECC0A9F18D2851679 /* Pods_NewYorkTimesTests.framework in Frameworks */,
			);
			runOnlyForDeploymentPostprocessing = 0;
		};
/* End PBXFrameworksBuildPhase section */

/* Begin PBXGroup section */
		AA360A42216D4FD4008B6721 /* Service */ = {
			isa = PBXGroup;
			children = (
				AA360A43216D5000008B6721 /* Networking */,
			);
			path = Service;
			sourceTree = "<group>";
		};
		AA360A43216D5000008B6721 /* Networking */ = {
			isa = PBXGroup;
			children = (
				AA360A44216D5000008B6721 /* Encoding */,
				AA360A48216D5000008B6721 /* EndPoint */,
				AA360A4A216D5000008B6721 /* Manager */,
				AA360A4C216D5000008B6721 /* Service */,
			);
			path = Networking;
			sourceTree = "<group>";
		};
		AA360A44216D5000008B6721 /* Encoding */ = {
			isa = PBXGroup;
			children = (
				AA360A45216D5000008B6721 /* JSONParameterEncoder.swift */,
				AA360A46216D5000008B6721 /* ParameterEncoding.swift */,
				AA360A47216D5000008B6721 /* URLParameterEncoding.swift */,
			);
			path = Encoding;
			sourceTree = "<group>";
		};
		AA360A48216D5000008B6721 /* EndPoint */ = {
			isa = PBXGroup;
			children = (
				AA360A49216D5000008B6721 /* NewYorkTimesEndPoint.swift */,
			);
			path = EndPoint;
			sourceTree = "<group>";
		};
		AA360A4A216D5000008B6721 /* Manager */ = {
			isa = PBXGroup;
			children = (
				AA360A4B216D5000008B6721 /* NetworkManager.swift */,
			);
			path = Manager;
			sourceTree = "<group>";
		};
		AA360A4C216D5000008B6721 /* Service */ = {
			isa = PBXGroup;
			children = (
				AA360A4D216D5000008B6721 /* EndPointType.swift */,
				AA360A4E216D5000008B6721 /* HTTPMethod.swift */,
				AA360A4F216D5000008B6721 /* HTTPTask.swift */,
				AA360A50216D5000008B6721 /* NetworkLogger.swift */,
				AA360A51216D5000008B6721 /* Router.swift */,
			);
			path = Service;
			sourceTree = "<group>";
		};
		AA373733216AA71800F3EB1E = {
			isa = PBXGroup;
			children = (
				AA37373E216AA71800F3EB1E /* NewYorkTimes */,
				AA373753216AA72100F3EB1E /* NewYorkTimesTests */,
				AA37373D216AA71800F3EB1E /* Products */,
				EEB8D59F40C7A43F126BE8DF /* Pods */,
				F05F1C1DDB99B63E6D0B8CB2 /* Frameworks */,
			);
			sourceTree = "<group>";
		};
		AA37373D216AA71800F3EB1E /* Products */ = {
			isa = PBXGroup;
			children = (
				AA37373C216AA71800F3EB1E /* NewYorkTimes.app */,
				AA373750216AA72100F3EB1E /* NewYorkTimesTests.xctest */,
			);
			name = Products;
			sourceTree = "<group>";
		};
		AA37373E216AA71800F3EB1E /* NewYorkTimes */ = {
			isa = PBXGroup;
			children = (
				AA360A42216D4FD4008B6721 /* Service */,
				AA37373F216AA71800F3EB1E /* AppDelegate.swift */,
				AA373743216AA71800F3EB1E /* Main.storyboard */,
				AA373746216AA72100F3EB1E /* Assets.xcassets */,
				AA373748216AA72100F3EB1E /* LaunchScreen.storyboard */,
				AA37374B216AA72100F3EB1E /* Info.plist */,
				AA37375F216AA80600F3EB1E /* Model */,
				AA373760216AA83000F3EB1E /* View */,
				AA373761216AA83800F3EB1E /* ViewModel */,
			);
			path = NewYorkTimes;
			sourceTree = "<group>";
		};
		AA373753216AA72100F3EB1E /* NewYorkTimesTests */ = {
			isa = PBXGroup;
			children = (
				AA373754216AA72100F3EB1E /* NewYorkTimesTests.swift */,
				AA373756216AA72200F3EB1E /* Info.plist */,
			);
			path = NewYorkTimesTests;
			sourceTree = "<group>";
		};
		AA37375F216AA80600F3EB1E /* Model */ = {
			isa = PBXGroup;
			children = (
				AA360A5C216D567D008B6721 /* Dynamic.swift */,
				AA360A40216D452E008B6721 /* Story.swift */,
			);
			path = Model;
			sourceTree = "<group>";
		};
		AA373760216AA83000F3EB1E /* View */ = {
			isa = PBXGroup;
			children = (
				AA373762216AAF9000F3EB1E /* ViewCell */,
				AA373741216AA71800F3EB1E /* TopStoriesViewController.swift */,
			);
			path = View;
			sourceTree = "<group>";
		};
		AA373761216AA83800F3EB1E /* ViewModel */ = {
			isa = PBXGroup;
			children = (
				AA360A5E216D56C9008B6721 /* TopStoriesDataSource.swift */,
			);
			path = ViewModel;
			sourceTree = "<group>";
		};
		AA373762216AAF9000F3EB1E /* ViewCell */ = {
			isa = PBXGroup;
			children = (
				AA373763216AAFC700F3EB1E /* StoryCell.swift */,
			);
			path = ViewCell;
			sourceTree = "<group>";
		};
		EEB8D59F40C7A43F126BE8DF /* Pods */ = {
			isa = PBXGroup;
			children = (
				BA7A82902C02237D9FE0C322 /* Pods-NewYorkTimes.debug.xcconfig */,
				115E2B218241B532B263BC2C /* Pods-NewYorkTimes.release.xcconfig */,
				4AE4B1F4DB64F16637BEEEFC /* Pods-NewYorkTimesTests.debug.xcconfig */,
				9501026727F8368F84479709 /* Pods-NewYorkTimesTests.release.xcconfig */,
			);
			name = Pods;
			sourceTree = "<group>";
		};
		F05F1C1DDB99B63E6D0B8CB2 /* Frameworks */ = {
			isa = PBXGroup;
			children = (
				CB69F214DD4ECCF88C86E7DF /* Pods_NewYorkTimes.framework */,
				EF86CFFFCE4384F5334B4F8B /* Pods_NewYorkTimesTests.framework */,
			);
			name = Frameworks;
			sourceTree = "<group>";
		};
/* End PBXGroup section */

/* Begin PBXNativeTarget section */
		AA37373B216AA71800F3EB1E /* NewYorkTimes */ = {
			isa = PBXNativeTarget;
			buildConfigurationList = AA373759216AA72200F3EB1E /* Build configuration list for PBXNativeTarget "NewYorkTimes" */;
			buildPhases = (
				17D72E270B932C14B8D6B08A /* [CP] Check Pods Manifest.lock */,
				AA373738216AA71800F3EB1E /* Sources */,
				AA373739216AA71800F3EB1E /* Frameworks */,
				AA37373A216AA71800F3EB1E /* Resources */,
				2AEF3E33D821552C78ADE6F4 /* [CP] Embed Pods Frameworks */,
				DD643CBBB875FBC8EEA05B96 /* [CP] Copy Pods Resources */,
			);
			buildRules = (
			);
			dependencies = (
			);
			name = NewYorkTimes;
			productName = NewYorkTimes;
			productReference = AA37373C216AA71800F3EB1E /* NewYorkTimes.app */;
			productType = "com.apple.product-type.application";
		};
		AA37374F216AA72100F3EB1E /* NewYorkTimesTests */ = {
			isa = PBXNativeTarget;
			buildConfigurationList = AA37375C216AA72200F3EB1E /* Build configuration list for PBXNativeTarget "NewYorkTimesTests" */;
			buildPhases = (
				99300C37B539112829F66103 /* [CP] Check Pods Manifest.lock */,
				AA37374C216AA72100F3EB1E /* Sources */,
				AA37374D216AA72100F3EB1E /* Frameworks */,
				AA37374E216AA72100F3EB1E /* Resources */,
				CE0BA57C2915F97F3D2773FC /* [CP] Embed Pods Frameworks */,
				00F4E504D6D3E5F1FA6E710F /* [CP] Copy Pods Resources */,
			);
			buildRules = (
			);
			dependencies = (
				AA373752216AA72100F3EB1E /* PBXTargetDependency */,
			);
			name = NewYorkTimesTests;
			productName = NewYorkTimesTests;
			productReference = AA373750216AA72100F3EB1E /* NewYorkTimesTests.xctest */;
			productType = "com.apple.product-type.bundle.unit-test";
		};
/* End PBXNativeTarget section */

/* Begin PBXProject section */
		AA373734216AA71800F3EB1E /* Project object */ = {
			isa = PBXProject;
			attributes = {
				LastSwiftUpdateCheck = 1000;
				LastUpgradeCheck = 1000;
				ORGANIZATIONNAME = "Christian Huang";
				TargetAttributes = {
					AA37373B216AA71800F3EB1E = {
						CreatedOnToolsVersion = 10.0;
					};
					AA37374F216AA72100F3EB1E = {
						CreatedOnToolsVersion = 10.0;
						TestTargetID = AA37373B216AA71800F3EB1E;
					};
				};
			};
			buildConfigurationList = AA373737216AA71800F3EB1E /* Build configuration list for PBXProject "NewYorkTimes" */;
			compatibilityVersion = "Xcode 9.3";
			developmentRegion = en;
			hasScannedForEncodings = 0;
			knownRegions = (
				en,
				Base,
			);
			mainGroup = AA373733216AA71800F3EB1E;
			productRefGroup = AA37373D216AA71800F3EB1E /* Products */;
			projectDirPath = "";
			projectRoot = "";
			targets = (
				AA37373B216AA71800F3EB1E /* NewYorkTimes */,
				AA37374F216AA72100F3EB1E /* NewYorkTimesTests */,
			);
		};
/* End PBXProject section */

/* Begin PBXResourcesBuildPhase section */
		AA37373A216AA71800F3EB1E /* Resources */ = {
			isa = PBXResourcesBuildPhase;
			buildActionMask = 2147483647;
			files = (
				AA37374A216AA72100F3EB1E /* LaunchScreen.storyboard in Resources */,
				AA373747216AA72100F3EB1E /* Assets.xcassets in Resources */,
				AA373745216AA71800F3EB1E /* Main.storyboard in Resources */,
			);
			runOnlyForDeploymentPostprocessing = 0;
		};
		AA37374E216AA72100F3EB1E /* Resources */ = {
			isa = PBXResourcesBuildPhase;
			buildActionMask = 2147483647;
			files = (
			);
			runOnlyForDeploymentPostprocessing = 0;
		};
/* End PBXResourcesBuildPhase section */

/* Begin PBXShellScriptBuildPhase section */
		00F4E504D6D3E5F1FA6E710F /* [CP] Copy Pods Resources */ = {
			isa = PBXShellScriptBuildPhase;
			buildActionMask = 2147483647;
			files = (
			);
			inputPaths = (
			);
			name = "[CP] Copy Pods Resources";
			outputPaths = (
			);
			runOnlyForDeploymentPostprocessing = 0;
			shellPath = /bin/sh;
			shellScript = "\"${SRCROOT}/Pods/Target Support Files/Pods-NewYorkTimesTests/Pods-NewYorkTimesTests-resources.sh\"\n";
			showEnvVarsInLog = 0;
		};
		17D72E270B932C14B8D6B08A /* [CP] Check Pods Manifest.lock */ = {
			isa = PBXShellScriptBuildPhase;
			buildActionMask = 2147483647;
			files = (
			);
			inputPaths = (
				"${PODS_PODFILE_DIR_PATH}/Podfile.lock",
				"${PODS_ROOT}/Manifest.lock",
			);
			name = "[CP] Check Pods Manifest.lock";
			outputPaths = (
				"$(DERIVED_FILE_DIR)/Pods-NewYorkTimes-checkManifestLockResult.txt",
			);
			runOnlyForDeploymentPostprocessing = 0;
			shellPath = /bin/sh;
			shellScript = "diff \"${PODS_PODFILE_DIR_PATH}/Podfile.lock\" \"${PODS_ROOT}/Manifest.lock\" > /dev/null\nif [ $? != 0 ] ; then\n    # print error to STDERR\n    echo \"error: The sandbox is not in sync with the Podfile.lock. Run 'pod install' or update your CocoaPods installation.\" >&2\n    exit 1\nfi\n# This output is used by Xcode 'outputs' to avoid re-running this script phase.\necho \"SUCCESS\" > \"${SCRIPT_OUTPUT_FILE_0}\"\n";
			showEnvVarsInLog = 0;
		};
		2AEF3E33D821552C78ADE6F4 /* [CP] Embed Pods Frameworks */ = {
			isa = PBXShellScriptBuildPhase;
			buildActionMask = 2147483647;
			files = (
			);
			inputPaths = (
				"${SRCROOT}/Pods/Target Support Files/Pods-NewYorkTimes/Pods-NewYorkTimes-frameworks.sh",
				"${BUILT_PRODUCTS_DIR}/Kingfisher/Kingfisher.framework",
			);
			name = "[CP] Embed Pods Frameworks";
			outputPaths = (
				"${TARGET_BUILD_DIR}/${FRAMEWORKS_FOLDER_PATH}/Kingfisher.framework",
			);
			runOnlyForDeploymentPostprocessing = 0;
			shellPath = /bin/sh;
			shellScript = "\"${SRCROOT}/Pods/Target Support Files/Pods-NewYorkTimes/Pods-NewYorkTimes-frameworks.sh\"\n";
			showEnvVarsInLog = 0;
		};
		99300C37B539112829F66103 /* [CP] Check Pods Manifest.lock */ = {
			isa = PBXShellScriptBuildPhase;
			buildActionMask = 2147483647;
			files = (
			);
			inputPaths = (
				"${PODS_PODFILE_DIR_PATH}/Podfile.lock",
				"${PODS_ROOT}/Manifest.lock",
			);
			name = "[CP] Check Pods Manifest.lock";
			outputPaths = (
				"$(DERIVED_FILE_DIR)/Pods-NewYorkTimesTests-checkManifestLockResult.txt",
			);
			runOnlyForDeploymentPostprocessing = 0;
			shellPath = /bin/sh;
			shellScript = "diff \"${PODS_PODFILE_DIR_PATH}/Podfile.lock\" \"${PODS_ROOT}/Manifest.lock\" > /dev/null\nif [ $? != 0 ] ; then\n    # print error to STDERR\n    echo \"error: The sandbox is not in sync with the Podfile.lock. Run 'pod install' or update your CocoaPods installation.\" >&2\n    exit 1\nfi\n# This output is used by Xcode 'outputs' to avoid re-running this script phase.\necho \"SUCCESS\" > \"${SCRIPT_OUTPUT_FILE_0}\"\n";
			showEnvVarsInLog = 0;
		};
		CE0BA57C2915F97F3D2773FC /* [CP] Embed Pods Frameworks */ = {
			isa = PBXShellScriptBuildPhase;
			buildActionMask = 2147483647;
			files = (
			);
			inputPaths = (
			);
			name = "[CP] Embed Pods Frameworks";
			outputPaths = (
			);
			runOnlyForDeploymentPostprocessing = 0;
			shellPath = /bin/sh;
			shellScript = "\"${SRCROOT}/Pods/Target Support Files/Pods-NewYorkTimesTests/Pods-NewYorkTimesTests-frameworks.sh\"\n";
			showEnvVarsInLog = 0;
		};
		DD643CBBB875FBC8EEA05B96 /* [CP] Copy Pods Resources */ = {
			isa = PBXShellScriptBuildPhase;
			buildActionMask = 2147483647;
			files = (
			);
			inputPaths = (
			);
			name = "[CP] Copy Pods Resources";
			outputPaths = (
			);
			runOnlyForDeploymentPostprocessing = 0;
			shellPath = /bin/sh;
			shellScript = "\"${SRCROOT}/Pods/Target Support Files/Pods-NewYorkTimes/Pods-NewYorkTimes-resources.sh\"\n";
			showEnvVarsInLog = 0;
		};
/* End PBXShellScriptBuildPhase section */

/* Begin PBXSourcesBuildPhase section */
		AA373738216AA71800F3EB1E /* Sources */ = {
			isa = PBXSourcesBuildPhase;
			buildActionMask = 2147483647;
			files = (
				AA360A59216D5000008B6721 /* HTTPTask.swift in Sources */,
				AA360A56216D5000008B6721 /* NetworkManager.swift in Sources */,
				AA360A53216D5000008B6721 /* ParameterEncoding.swift in Sources */,
				AA360A52216D5000008B6721 /* JSONParameterEncoder.swift in Sources */,
				AA360A58216D5000008B6721 /* HTTPMethod.swift in Sources */,
				AA360A5A216D5000008B6721 /* NetworkLogger.swift in Sources */,
				AA360A5D216D567D008B6721 /* Dynamic.swift in Sources */,
				AA373742216AA71800F3EB1E /* TopStoriesViewController.swift in Sources */,
				AA373740216AA71800F3EB1E /* AppDelegate.swift in Sources */,
				AA360A55216D5000008B6721 /* NewYorkTimesEndPoint.swift in Sources */,
				AA373764216AAFC700F3EB1E /* StoryCell.swift in Sources */,
				AA360A5B216D5000008B6721 /* Router.swift in Sources */,
				AA360A5F216D56C9008B6721 /* TopStoriesDataSource.swift in Sources */,
				AA360A41216D452E008B6721 /* Story.swift in Sources */,
				AA360A57216D5000008B6721 /* EndPointType.swift in Sources */,
				AA360A54216D5000008B6721 /* URLParameterEncoding.swift in Sources */,
			);
			runOnlyForDeploymentPostprocessing = 0;
		};
		AA37374C216AA72100F3EB1E /* Sources */ = {
			isa = PBXSourcesBuildPhase;
			buildActionMask = 2147483647;
			files = (
				AA373755216AA72100F3EB1E /* NewYorkTimesTests.swift in Sources */,
			);
			runOnlyForDeploymentPostprocessing = 0;
		};
/* End PBXSourcesBuildPhase section */

/* Begin PBXTargetDependency section */
		AA373752216AA72100F3EB1E /* PBXTargetDependency */ = {
			isa = PBXTargetDependency;
			target = AA37373B216AA71800F3EB1E /* NewYorkTimes */;
			targetProxy = AA373751216AA72100F3EB1E /* PBXContainerItemProxy */;
		};
/* End PBXTargetDependency section */

/* Begin PBXVariantGroup section */
		AA373743216AA71800F3EB1E /* Main.storyboard */ = {
			isa = PBXVariantGroup;
			children = (
				AA373744216AA71800F3EB1E /* Base */,
			);
			name = Main.storyboard;
			sourceTree = "<group>";
		};
		AA373748216AA72100F3EB1E /* LaunchScreen.storyboard */ = {
			isa = PBXVariantGroup;
			children = (
				AA373749216AA72100F3EB1E /* Base */,
			);
			name = LaunchScreen.storyboard;
			sourceTree = "<group>";
		};
/* End PBXVariantGroup section */

/* Begin XCBuildConfiguration section */
		AA373757216AA72200F3EB1E /* Debug */ = {
			isa = XCBuildConfiguration;
			buildSettings = {
				ALWAYS_SEARCH_USER_PATHS = NO;
				CLANG_ANALYZER_NONNULL = YES;
				CLANG_ANALYZER_NUMBER_OBJECT_CONVERSION = YES_AGGRESSIVE;
				CLANG_CXX_LANGUAGE_STANDARD = "gnu++14";
				CLANG_CXX_LIBRARY = "libc++";
				CLANG_ENABLE_MODULES = YES;
				CLANG_ENABLE_OBJC_ARC = YES;
				CLANG_ENABLE_OBJC_WEAK = YES;
				CLANG_WARN_BLOCK_CAPTURE_AUTORELEASING = YES;
				CLANG_WARN_BOOL_CONVERSION = YES;
				CLANG_WARN_COMMA = YES;
				CLANG_WARN_CONSTANT_CONVERSION = YES;
				CLANG_WARN_DEPRECATED_OBJC_IMPLEMENTATIONS = YES;
				CLANG_WARN_DIRECT_OBJC_ISA_USAGE = YES_ERROR;
				CLANG_WARN_DOCUMENTATION_COMMENTS = YES;
				CLANG_WARN_EMPTY_BODY = YES;
				CLANG_WARN_ENUM_CONVERSION = YES;
				CLANG_WARN_INFINITE_RECURSION = YES;
				CLANG_WARN_INT_CONVERSION = YES;
				CLANG_WARN_NON_LITERAL_NULL_CONVERSION = YES;
				CLANG_WARN_OBJC_IMPLICIT_RETAIN_SELF = YES;
				CLANG_WARN_OBJC_LITERAL_CONVERSION = YES;
				CLANG_WARN_OBJC_ROOT_CLASS = YES_ERROR;
				CLANG_WARN_RANGE_LOOP_ANALYSIS = YES;
				CLANG_WARN_STRICT_PROTOTYPES = YES;
				CLANG_WARN_SUSPICIOUS_MOVE = YES;
				CLANG_WARN_UNGUARDED_AVAILABILITY = YES_AGGRESSIVE;
				CLANG_WARN_UNREACHABLE_CODE = YES;
				CLANG_WARN__DUPLICATE_METHOD_MATCH = YES;
				CODE_SIGN_IDENTITY = "iPhone Developer";
				COPY_PHASE_STRIP = NO;
				DEBUG_INFORMATION_FORMAT = dwarf;
				ENABLE_STRICT_OBJC_MSGSEND = YES;
				ENABLE_TESTABILITY = YES;
				GCC_C_LANGUAGE_STANDARD = gnu11;
				GCC_DYNAMIC_NO_PIC = NO;
				GCC_NO_COMMON_BLOCKS = YES;
				GCC_OPTIMIZATION_LEVEL = 0;
				GCC_PREPROCESSOR_DEFINITIONS = (
					"DEBUG=1",
					"$(inherited)",
				);
				GCC_WARN_64_TO_32_BIT_CONVERSION = YES;
				GCC_WARN_ABOUT_RETURN_TYPE = YES_ERROR;
				GCC_WARN_UNDECLARED_SELECTOR = YES;
				GCC_WARN_UNINITIALIZED_AUTOS = YES_AGGRESSIVE;
				GCC_WARN_UNUSED_FUNCTION = YES;
				GCC_WARN_UNUSED_VARIABLE = YES;
				IPHONEOS_DEPLOYMENT_TARGET = 12.0;
				MTL_ENABLE_DEBUG_INFO = INCLUDE_SOURCE;
				MTL_FAST_MATH = YES;
				ONLY_ACTIVE_ARCH = YES;
				SDKROOT = iphoneos;
				SWIFT_ACTIVE_COMPILATION_CONDITIONS = DEBUG;
				SWIFT_OPTIMIZATION_LEVEL = "-Onone";
			};
			name = Debug;
		};
		AA373758216AA72200F3EB1E /* Release */ = {
			isa = XCBuildConfiguration;
			buildSettings = {
				ALWAYS_SEARCH_USER_PATHS = NO;
				CLANG_ANALYZER_NONNULL = YES;
				CLANG_ANALYZER_NUMBER_OBJECT_CONVERSION = YES_AGGRESSIVE;
				CLANG_CXX_LANGUAGE_STANDARD = "gnu++14";
				CLANG_CXX_LIBRARY = "libc++";
				CLANG_ENABLE_MODULES = YES;
				CLANG_ENABLE_OBJC_ARC = YES;
				CLANG_ENABLE_OBJC_WEAK = YES;
				CLANG_WARN_BLOCK_CAPTURE_AUTORELEASING = YES;
				CLANG_WARN_BOOL_CONVERSION = YES;
				CLANG_WARN_COMMA = YES;
				CLANG_WARN_CONSTANT_CONVERSION = YES;
				CLANG_WARN_DEPRECATED_OBJC_IMPLEMENTATIONS = YES;
				CLANG_WARN_DIRECT_OBJC_ISA_USAGE = YES_ERROR;
				CLANG_WARN_DOCUMENTATION_COMMENTS = YES;
				CLANG_WARN_EMPTY_BODY = YES;
				CLANG_WARN_ENUM_CONVERSION = YES;
				CLANG_WARN_INFINITE_RECURSION = YES;
				CLANG_WARN_INT_CONVERSION = YES;
				CLANG_WARN_NON_LITERAL_NULL_CONVERSION = YES;
				CLANG_WARN_OBJC_IMPLICIT_RETAIN_SELF = YES;
				CLANG_WARN_OBJC_LITERAL_CONVERSION = YES;
				CLANG_WARN_OBJC_ROOT_CLASS = YES_ERROR;
				CLANG_WARN_RANGE_LOOP_ANALYSIS = YES;
				CLANG_WARN_STRICT_PROTOTYPES = YES;
				CLANG_WARN_SUSPICIOUS_MOVE = YES;
				CLANG_WARN_UNGUARDED_AVAILABILITY = YES_AGGRESSIVE;
				CLANG_WARN_UNREACHABLE_CODE = YES;
				CLANG_WARN__DUPLICATE_METHOD_MATCH = YES;
				CODE_SIGN_IDENTITY = "iPhone Developer";
				COPY_PHASE_STRIP = NO;
				DEBUG_INFORMATION_FORMAT = "dwarf-with-dsym";
				ENABLE_NS_ASSERTIONS = NO;
				ENABLE_STRICT_OBJC_MSGSEND = YES;
				GCC_C_LANGUAGE_STANDARD = gnu11;
				GCC_NO_COMMON_BLOCKS = YES;
				GCC_WARN_64_TO_32_BIT_CONVERSION = YES;
				GCC_WARN_ABOUT_RETURN_TYPE = YES_ERROR;
				GCC_WARN_UNDECLARED_SELECTOR = YES;
				GCC_WARN_UNINITIALIZED_AUTOS = YES_AGGRESSIVE;
				GCC_WARN_UNUSED_FUNCTION = YES;
				GCC_WARN_UNUSED_VARIABLE = YES;
				IPHONEOS_DEPLOYMENT_TARGET = 12.0;
				MTL_ENABLE_DEBUG_INFO = NO;
				MTL_FAST_MATH = YES;
				SDKROOT = iphoneos;
				SWIFT_COMPILATION_MODE = wholemodule;
				SWIFT_OPTIMIZATION_LEVEL = "-O";
				VALIDATE_PRODUCT = YES;
			};
			name = Release;
		};
		AA37375A216AA72200F3EB1E /* Debug */ = {
			isa = XCBuildConfiguration;
			baseConfigurationReference = BA7A82902C02237D9FE0C322 /* Pods-NewYorkTimes.debug.xcconfig */;
			buildSettings = {
				ASSETCATALOG_COMPILER_APPICON_NAME = AppIcon;
				CODE_SIGN_STYLE = Automatic;
				DEVELOPMENT_TEAM = 7X5UG5NGMS;
				INFOPLIST_FILE = NewYorkTimes/Info.plist;
				LD_RUNPATH_SEARCH_PATHS = (
					"$(inherited)",
					"@executable_path/Frameworks",
				);
				PRODUCT_BUNDLE_IDENTIFIER = net.inovidea.NewYorkTimes;
				PRODUCT_NAME = "$(TARGET_NAME)";
				SWIFT_VERSION = 4.2;
				TARGETED_DEVICE_FAMILY = "1,2";
			};
			name = Debug;
		};
		AA37375B216AA72200F3EB1E /* Release */ = {
			isa = XCBuildConfiguration;
			baseConfigurationReference = 115E2B218241B532B263BC2C /* Pods-NewYorkTimes.release.xcconfig */;
			buildSettings = {
				ASSETCATALOG_COMPILER_APPICON_NAME = AppIcon;
				CODE_SIGN_STYLE = Automatic;
				DEVELOPMENT_TEAM = 7X5UG5NGMS;
				INFOPLIST_FILE = NewYorkTimes/Info.plist;
				LD_RUNPATH_SEARCH_PATHS = (
					"$(inherited)",
					"@executable_path/Frameworks",
				);
				PRODUCT_BUNDLE_IDENTIFIER = net.inovidea.NewYorkTimes;
				PRODUCT_NAME = "$(TARGET_NAME)";
				SWIFT_VERSION = 4.2;
				TARGETED_DEVICE_FAMILY = "1,2";
			};
			name = Release;
		};
		AA37375D216AA72200F3EB1E /* Debug */ = {
			isa = XCBuildConfiguration;
			baseConfigurationReference = 4AE4B1F4DB64F16637BEEEFC /* Pods-NewYorkTimesTests.debug.xcconfig */;
			buildSettings = {
				ALWAYS_EMBED_SWIFT_STANDARD_LIBRARIES = YES;
				BUNDLE_LOADER = "$(TEST_HOST)";
				CODE_SIGN_STYLE = Automatic;
				DEVELOPMENT_TEAM = 7X5UG5NGMS;
				INFOPLIST_FILE = NewYorkTimesTests/Info.plist;
				LD_RUNPATH_SEARCH_PATHS = (
					"$(inherited)",
					"@executable_path/Frameworks",
					"@loader_path/Frameworks",
				);
				PRODUCT_BUNDLE_IDENTIFIER = net.inovidea.NewYorkTimesTests;
				PRODUCT_NAME = "$(TARGET_NAME)";
				SWIFT_VERSION = 4.2;
				TARGETED_DEVICE_FAMILY = "1,2";
				TEST_HOST = "$(BUILT_PRODUCTS_DIR)/NewYorkTimes.app/NewYorkTimes";
			};
			name = Debug;
		};
		AA37375E216AA72200F3EB1E /* Release */ = {
			isa = XCBuildConfiguration;
			baseConfigurationReference = 9501026727F8368F84479709 /* Pods-NewYorkTimesTests.release.xcconfig */;
			buildSettings = {
				ALWAYS_EMBED_SWIFT_STANDARD_LIBRARIES = YES;
				BUNDLE_LOADER = "$(TEST_HOST)";
				CODE_SIGN_STYLE = Automatic;
				DEVELOPMENT_TEAM = 7X5UG5NGMS;
				INFOPLIST_FILE = NewYorkTimesTests/Info.plist;
				LD_RUNPATH_SEARCH_PATHS = (
					"$(inherited)",
					"@executable_path/Frameworks",
					"@loader_path/Frameworks",
				);
				PRODUCT_BUNDLE_IDENTIFIER = net.inovidea.NewYorkTimesTests;
				PRODUCT_NAME = "$(TARGET_NAME)";
				SWIFT_VERSION = 4.2;
				TARGETED_DEVICE_FAMILY = "1,2";
				TEST_HOST = "$(BUILT_PRODUCTS_DIR)/NewYorkTimes.app/NewYorkTimes";
			};
			name = Release;
		};
/* End XCBuildConfiguration section */

/* Begin XCConfigurationList section */
		AA373737216AA71800F3EB1E /* Build configuration list for PBXProject "NewYorkTimes" */ = {
			isa = XCConfigurationList;
			buildConfigurations = (
				AA373757216AA72200F3EB1E /* Debug */,
				AA373758216AA72200F3EB1E /* Release */,
			);
			defaultConfigurationIsVisible = 0;
			defaultConfigurationName = Release;
		};
		AA373759216AA72200F3EB1E /* Build configuration list for PBXNativeTarget "NewYorkTimes" */ = {
			isa = XCConfigurationList;
			buildConfigurations = (
				AA37375A216AA72200F3EB1E /* Debug */,
				AA37375B216AA72200F3EB1E /* Release */,
			);
			defaultConfigurationIsVisible = 0;
			defaultConfigurationName = Release;
		};
		AA37375C216AA72200F3EB1E /* Build configuration list for PBXNativeTarget "NewYorkTimesTests" */ = {
			isa = XCConfigurationList;
			buildConfigurations = (
				AA37375D216AA72200F3EB1E /* Debug */,
				AA37375E216AA72200F3EB1E /* Release */,
			);
			defaultConfigurationIsVisible = 0;
			defaultConfigurationName = Release;
		};
/* End XCConfigurationList section */
	};
	rootObject = AA373734216AA71800F3EB1E /* Project object */;
}
